
Microsoft Visual Studio Solution File, Format Version 12.00
# Visual Studio Version 17
VisualStudioVersion = 17.1.32407.343
MinimumVisualStudioVersion = 10.0.40219.1
Project("{8BC9CEB8-8B4A-11D0-8D11-00A0C91BC942}") = "Project1", "Project1\Project1.vcxproj", "{C6C45B18-02F6-4E31-88E3-0DE6C797F263}"
EndProject
Global
	GlobalSection(SolutionConfigurationPlatforms) = preSolution
		Debug|x64 = Debug|x64
		Debug|x86 = Debug|x86
		Release|x64 = Release|x64
		Release|x86 = Release|x86
	EndGlobalSection
	GlobalSection(ProjectConfigurationPlatforms) = postSolution
		{C6C45B18-02F6-4E31-88E3-0DE6C797F263}.Debug|x64.ActiveCfg = Debug|x64
		{C6C45B18-02F6-4E31-88E3-0DE6C797F263}.Debug|x64.Build.0 = Debug|x64
		{C6C45B18-02F6-4E31-88E3-0DE6C797F263}.Debug|x86.ActiveCfg = Debug|Win32
		{C6C45B18-02F6-4E31-88E3-0DE6C797F263}.Debug|x86.Build.0 = Debug|Win32
		{C6C45B18-02F6-4E31-88E3-0DE6C797F263}.Release|x64.ActiveCfg = Release|x64
		{C6C45B18-02F6-4E31-88E3-0DE6C797F263}.Release|x64.Build.0 = Release|x64
		{C6C45B18-02F6-4E31-88E3-0DE6C797F263}.Release|x86.ActiveCfg = Release|Win32
		{C6C45B18-02F6-4E31-88E3-0DE6C797F263}.Release|x86.Build.0 = Release|Win32
	EndGlobalSection
	GlobalSection(SolutionProperties) = preSolution
		HideSolutionNode = FALSE
	EndGlobalSection
	GlobalSection(ExtensibilityGlobals) = postSolution
		SolutionGuid = {8F296BC2-A8D3-48E9-BCBE-0C948D7B7025}
	EndGlobalSection
EndGlobal
