
Microsoft Visual Studio Solution File, Format Version 12.00
# Visual Studio Version 17
VisualStudioVersion = 17.1.32407.343
MinimumVisualStudioVersion = 10.0.40219.1
Project("{8BC9CEB8-8B4A-11D0-8D11-00A0C91BC942}") = "220418", "220418\220418.vcxproj", "{3C5E579F-46A7-4439-A82A-8258E99AC9D0}"
EndProject
Global
	GlobalSection(SolutionConfigurationPlatforms) = preSolution
		Debug|x64 = Debug|x64
		Debug|x86 = Debug|x86
		Release|x64 = Release|x64
		Release|x86 = Release|x86
	EndGlobalSection
	GlobalSection(ProjectConfigurationPlatforms) = postSolution
		{3C5E579F-46A7-4439-A82A-8258E99AC9D0}.Debug|x64.ActiveCfg = Debug|x64
		{3C5E579F-46A7-4439-A82A-8258E99AC9D0}.Debug|x64.Build.0 = Debug|x64
		{3C5E579F-46A7-4439-A82A-8258E99AC9D0}.Debug|x86.ActiveCfg = Debug|Win32
		{3C5E579F-46A7-4439-A82A-8258E99AC9D0}.Debug|x86.Build.0 = Debug|Win32
		{3C5E579F-46A7-4439-A82A-8258E99AC9D0}.Release|x64.ActiveCfg = Release|x64
		{3C5E579F-46A7-4439-A82A-8258E99AC9D0}.Release|x64.Build.0 = Release|x64
		{3C5E579F-46A7-4439-A82A-8258E99AC9D0}.Release|x86.ActiveCfg = Release|Win32
		{3C5E579F-46A7-4439-A82A-8258E99AC9D0}.Release|x86.Build.0 = Release|Win32
	EndGlobalSection
	GlobalSection(SolutionProperties) = preSolution
		HideSolutionNode = FALSE
	EndGlobalSection
	GlobalSection(ExtensibilityGlobals) = postSolution
		SolutionGuid = {CFC16287-F5E7-4FB0-83DB-04A94B18F74F}
	EndGlobalSection
EndGlobal
